# This file is generated by running "yarn install" inside your project.
# Manual changes might be lost - proceed with caution!

__metadata:
  version: 6
  cacheKey: 8

"assertion-error@npm:1.0.0":
  version: 1.0.0
  resolution: "assertion-error@npm:1.0.0"
  checksum: 184cab8706bd17299b13278e86040f796c46608b5ade2e5162ed639bec02f9529bb3ca0f5ee2fb11c30cac40668098f130ccde3b8263dc4e4e812d992e1a36cb
  languageName: node
  linkType: hard

"base64url@npm:3.x.x":
  version: 3.0.1
  resolution: "base64url@npm:3.0.1"
  checksum: a77b2a3a526b3343e25be424de3ae0aa937d78f6af7c813ef9020ef98001c0f4e2323afcd7d8b2d2978996bf8c42445c3e9f60c218c622593e5fdfd54a3d6e18
  languageName: node
  linkType: hard

"chai@npm:1.x.x":
  version: 1.10.0
  resolution: "chai@npm:1.10.0"
  dependencies:
    assertion-error: 1.0.0
    deep-eql: 0.1.3
  checksum: 96674f6a143728f827d77a00e81df059f3afaf2c409e960616597ee21283fe34c4f0f7e8755ca738807f8810144f89306a8d6d1d1d4e20286708260aa1484ac8
  languageName: node
  linkType: hard

"commander@npm:0.6.1":
  version: 0.6.1
  resolution: "commander@npm:0.6.1"
  checksum: a68736d5ea7f5abd54f2b8b4f86385349e66a04394344628628e0d3de3f570e2bad0052b048e4658a2472c1ab0b74f40579a8b3a85a6b9f826e382c82a02453a
  languageName: node
  linkType: hard

"commander@npm:2.3.0":
  version: 2.3.0
  resolution: "commander@npm:2.3.0"
  checksum: e37a2f0f11d702cb014cfe807d3648c11c46fca2137e81993f6f743da8bbc88ec7bda8712ff6c083e0a7b412487e25c6bf99a93332f591ed240c304d41af29b4
  languageName: node
  linkType: hard

"debug@npm:2.0.0":
  version: 2.0.0
  resolution: "debug@npm:2.0.0"
  dependencies:
    ms: 0.6.2
  checksum: 3a1be456590c7c46740d212b5d149cc689a3e4811d3b3a7938084e953b99d0bd32f4c3540cf7a2269aef45c53634fa1c57431e8ceaa279ac95b516a35823309a
  languageName: node
  linkType: hard

"deep-eql@npm:0.1.3":
  version: 0.1.3
  resolution: "deep-eql@npm:0.1.3"
  dependencies:
    type-detect: 0.1.1
  checksum: 959734acb233d00727b3e64c8c803d233315ad8d4f7ccf89455a8a12f745055e78df087d1afabbe8931a9387f585d3bc4bf57bdb94e5e52055b38f5ae9360ca7
  languageName: node
  linkType: hard

"diff@npm:1.0.8":
  version: 1.0.8
  resolution: "diff@npm:1.0.8"
  checksum: f57e569d048728896ffdefbc89288a151a0366d63e7d025eae92696b4c522d4b894479c226f3c7ec5d17cc38ad3b9b41b52319a1812f49a41f98451393b9688c
  languageName: node
  linkType: hard

"escape-string-regexp@npm:1.0.2":
  version: 1.0.2
  resolution: "escape-string-regexp@npm:1.0.2"
  checksum: cff53512d328412bb4fba07cd2fa76830362a5db65c20d238a27e22b2f2107cd33d67ac5e49c7c5f6243019f0b89123857af18ed0454a90886fcb7785b9e3369
  languageName: node
  linkType: hard

"glob@npm:3.2.3":
  version: 3.2.3
  resolution: "glob@npm:3.2.3"
  dependencies:
    graceful-fs: ~2.0.0
    inherits: 2
    minimatch: ~0.2.11
  checksum: 5b4dc3f5cf901ca6e440bab3eba0fa92ccae590560737f73d44aaa97306152f4d78d7a92382449764e50bb72bccc09edb099517c9227f0bdd93a49f841659cfa
  languageName: node
  linkType: hard

"graceful-fs@npm:~2.0.0":
  version: 2.0.3
  resolution: "graceful-fs@npm:2.0.3"
  checksum: fb0caa304fc1ff94cf1dd8458965f47e143ca6cbe9c62a493407169d8ee7755ebfb5864ed0540f65ac59744ff03eb9554a1ee9492392ad570a0d57bc6c730322
  languageName: node
  linkType: hard

"growl@npm:1.8.1":
  version: 1.8.1
  resolution: "growl@npm:1.8.1"
  checksum: cd2061c615ae3e7d94938e4ef5cd59032909bdf9121cf9e05352c9b42db3e89e84bb552964f1b7586ee125b4e318e51a76a8dc55084875bc7ee7d3edc52fb8b5
  languageName: node
  linkType: hard

"inherits@npm:2":
  version: 2.0.4
  resolution: "inherits@npm:2.0.4"
  checksum: 4a48a733847879d6cf6691860a6b1e3f0f4754176e4d71494c41f3475553768b10f84b5ce1d40fbd0e34e6bfbb864ee35858ad4dd2cf31e02fc4a154b724d7f1
  languageName: node
  linkType: hard

"jade@npm:0.26.3":
  version: 0.26.3
  resolution: "jade@npm:0.26.3"
  dependencies:
    commander: 0.6.1
    mkdirp: 0.3.0
  bin:
    jade: ./bin/jade
  checksum: 491fa8b80b5fe7d0b327904517dea43a10c8e29a742bc7b4067be2cdf4bf09027ff13dcedcaecff7351f7082341fb66d0ac67f7a58493fb39244658e7b3f519b
  languageName: node
  linkType: hard

"lru-cache@npm:2":
  version: 2.7.3
  resolution: "lru-cache@npm:2.7.3"
  checksum: f3bff3990f2936826da865d1b56f591185df9163e9ebc5e1234a9c5fd4574f8bbb67373fe6f8b914a2a88a3988591fc6b80b5e77705d5ca6ce2c9ef2ea08b572
  languageName: node
  linkType: hard

"minimatch@npm:~0.2.11":
  version: 0.2.14
  resolution: "minimatch@npm:0.2.14"
  dependencies:
    lru-cache: 2
    sigmund: ~1.0.0
  checksum: c2c5209302f9621aedd6c685477a8e1e4fc1a6caa8b42da8dcd8b44060941dcbcc3b4664d727a50f45028b91e6ac22987ee14ffc8a68d56a7ef4ee84ff582fde
  languageName: node
  linkType: hard

"minimist@npm:0.0.8":
  version: 0.0.8
  resolution: "minimist@npm:0.0.8"
  checksum: 042f8b626b1fa44dffc23bac55771425ac4ee9d267b56f9064c07713e516e1799f3ba933bb628d2475a210caf7dcdb98161611baa1f0daf49309a944cb4bc48f
  languageName: node
  linkType: hard

"mkdirp@npm:0.3.0":
  version: 0.3.0
  resolution: "mkdirp@npm:0.3.0"
  checksum: 3ec9cda8bd89b64892728e5092bc79e88382e444d4bbde040c2fb8d7034dc70682cfdd729e93241fd5243d2397324c420ef68c717d806db51bf96c0fc80f4b1d
  languageName: node
  linkType: hard

"mkdirp@npm:0.5.0":
  version: 0.5.0
  resolution: "mkdirp@npm:0.5.0"
  dependencies:
    minimist: 0.0.8
  bin:
    mkdirp: bin/cmd.js
  checksum: f7b12dc0a97b727773be9ef53b89f3c85ccd098f4978470f0f2c926c39610245d70bf679292e1d14deb86e55543d88ca747a5392d84044ba64161587087dcb48
  languageName: node
  linkType: hard

"mocha@npm:1.x.x":
  version: 1.21.5
  resolution: "mocha@npm:1.21.5"
  dependencies:
    commander: 2.3.0
    debug: 2.0.0
    diff: 1.0.8
    escape-string-regexp: 1.0.2
    glob: 3.2.3
    growl: 1.8.1
    jade: 0.26.3
    mkdirp: 0.5.0
  bin:
    _mocha: ./bin/_mocha
    mocha: ./bin/mocha
  checksum: b1c0f57292e43b2fef7528e7adb7f439257b1648c63044d5befa8cd304b054e0d4cd60d6e2f3bd910d21a9a3af6e4e30c0bd916a623aba308f7a80d0a690fd07
  languageName: node
  linkType: hard

"ms@npm:0.6.2":
  version: 0.6.2
  resolution: "ms@npm:0.6.2"
  checksum: ed66200ff60f2cc00ffb2f93798d581ead28e2b670d40a512c4a54f592c96eacbdb21a3f364c39f65f56711bf430e2b86450c2bb967fd2d9d7aad3dc77adf22e
  languageName: node
  linkType: hard

"oauth@npm:0.9.x":
  version: 0.9.15
  resolution: "oauth@npm:0.9.15"
  checksum: 957c0d8d85300398dcb0e293953650c0fc3facc795bee8228238414f19f59cef5fd4ee8d17a972c142924c10c5f6ec50ef80f77f4a6cc6e3c98f9d22c027801c
  languageName: node
  linkType: hard

"passport-oauth2@npm:1.x.x":
  version: 1.6.1
  resolution: "passport-oauth2@npm:1.6.1"
  dependencies:
    base64url: 3.x.x
    oauth: 0.9.x
    passport-strategy: 1.x.x
    uid2: 0.0.x
    utils-merge: 1.x.x
  checksum: 2a5b01a884ebade01770543d3b84fbdbc45c75ca13b320b88ae59e33388bb485a27c323c2d3904058dca57065bf0e2a78c645cbb62600ced2dcdd43094259f0e
  languageName: node
  linkType: hard

"passport-pixiv@workspace:.":
  version: 0.0.0-use.local
  resolution: "passport-pixiv@workspace:."
  dependencies:
    chai: 1.x.x
    mocha: 1.x.x
    passport-oauth2: 1.x.x
  languageName: unknown
  linkType: soft

"passport-strategy@npm:1.x.x":
  version: 1.0.0
  resolution: "passport-strategy@npm:1.0.0"
  checksum: 5086693f2508e538dffa55a338c89fe8192fb5f4478c71f80cd5890b8573419a098f4fec88b505374f60bbe9049f6f24b9f3992678612528a3370b4dc73354a2
  languageName: node
  linkType: hard

"sigmund@npm:~1.0.0":
  version: 1.0.1
  resolution: "sigmund@npm:1.0.1"
  checksum: 793f81f8083ad75ff3903ffd93cf35be8d797e872822cf880aea27ce6db522b508d93ea52ae292bccf357ce34dd5c7faa544cc51c2216e70bbf5fcf09b62707c
  languageName: node
  linkType: hard

"type-detect@npm:0.1.1":
  version: 0.1.1
  resolution: "type-detect@npm:0.1.1"
  checksum: 3660c29269d15d4cb7d8a6ed26b1cf8cb5789ec9b8ca78c99aef642a83794aba662c57d303e2eb0c2910af57de00db8f38dba8bd7bce13d30c49b0b5fa6b7bde
  languageName: node
  linkType: hard

"uid2@npm:0.0.x":
  version: 0.0.4
  resolution: "uid2@npm:0.0.4"
  checksum: e92325ce2e3b7be504b19e835dbb5a8b0495031f364b08ca46745468ed0ae0f202a4fdaf99a1a2715844156efc3ab410456ae24a0f7c0ae4b0a2e9f2784edfd9
  languageName: node
  linkType: hard

"utils-merge@npm:1.x.x":
  version: 1.0.1
  resolution: "utils-merge@npm:1.0.1"
  checksum: c81095493225ecfc28add49c106ca4f09cdf56bc66731aa8dabc2edbbccb1e1bfe2de6a115e5c6a380d3ea166d1636410b62ef216bb07b3feb1cfde1d95d5080
  languageName: node
  linkType: hard
